
Microsoft Visual Studio Solution File, Format Version 12.00
# Visual Studio 2012
Project("{8BC9CEB8-8B4A-11D0-8D11-00A0C91BC942}") = "SpoutExtension", "SpoutExtension.vcxproj", "{1B68DB8E-2FE6-4021-B8C7-0B5ECF4964A9}"
EndProject
Global
	GlobalSection(SolutionConfigurationPlatforms) = preSolution
		Debug|Win32 = Debug|Win32
		Release|Win32 = Release|Win32
	EndGlobalSection
	GlobalSection(ProjectConfigurationPlatforms) = postSolution
		{1B68DB8E-2FE6-4021-B8C7-0B5ECF4964A9}.Debug|Win32.ActiveCfg = Debug|Win32
		{1B68DB8E-2FE6-4021-B8C7-0B5ECF4964A9}.Debug|Win32.Build.0 = Debug|Win32
		{1B68DB8E-2FE6-4021-B8C7-0B5ECF4964A9}.Release|Win32.ActiveCfg = Release|Win32
		{1B68DB8E-2FE6-4021-B8C7-0B5ECF4964A9}.Release|Win32.Build.0 = Release|Win32
	EndGlobalSection
	GlobalSection(SolutionProperties) = preSolution
		HideSolutionNode = FALSE
	EndGlobalSection
EndGlobal
