// !$*UTF8*$!
{
	archiveVersion = 1;
	classes = {
	};
	objectVersion = 46;
	objects = {

/* Begin PBXBuildFile section */
		15BB211015234096008CEF0B /* InfoPlist.strings in Resources */ = {isa = PBXBuildFile; fileRef = 15BB210E15234096008CEF0B /* InfoPlist.strings */; };
		15BB211B15234102008CEF0B /* airBonjour.cpp in Sources */ = {isa = PBXBuildFile; fileRef = 15BB211A15234102008CEF0B /* airBonjour.cpp */; };
		15BB21251523421C008CEF0B /* FlashRuntimeExtensions.h in Headers */ = {isa = PBXBuildFile; fileRef = 15BB21241523421C008CEF0B /* FlashRuntimeExtensions.h */; };
		15BB21271523425D008CEF0B /* Adobe AIR.framework in Frameworks */ = {isa = PBXBuildFile; fileRef = 15BB21261523425D008CEF0B /* Adobe AIR.framework */; };
		15BB213A15234C4E008CEF0B /* libPocoDNSSD.a in Frameworks */ = {isa = PBXBuildFile; fileRef = 15BB213415234C4E008CEF0B /* libPocoDNSSD.a */; };
		15BB213B15234C4E008CEF0B /* libPocoDNSSDBonjour.a in Frameworks */ = {isa = PBXBuildFile; fileRef = 15BB213515234C4E008CEF0B /* libPocoDNSSDBonjour.a */; };
		15BB213C15234C4E008CEF0B /* libPocoFoundation.a in Frameworks */ = {isa = PBXBuildFile; fileRef = 15BB213615234C4E008CEF0B /* libPocoFoundation.a */; };
		15BB213D15234C4E008CEF0B /* libPocoNet.a in Frameworks */ = {isa = PBXBuildFile; fileRef = 15BB213715234C4E008CEF0B /* libPocoNet.a */; };
		15BB213E15234C4E008CEF0B /* libPocoUtil.a in Frameworks */ = {isa = PBXBuildFile; fileRef = 15BB213815234C4E008CEF0B /* libPocoUtil.a */; };
		15BB213F15234C4E008CEF0B /* libPocoXML.a in Frameworks */ = {isa = PBXBuildFile; fileRef = 15BB213915234C4E008CEF0B /* libPocoXML.a */; };
		15FD25D91524BE5B0011043F /* ResolvedHostInfo.h in Headers */ = {isa = PBXBuildFile; fileRef = 15FD25D81524BE5B0011043F /* ResolvedHostInfo.h */; };
/* End PBXBuildFile section */

/* Begin PBXFileReference section */
		15BB210215234096008CEF0B /* airBonjour.framework */ = {isa = PBXFileReference; explicitFileType = wrapper.framework; includeInIndex = 0; path = airBonjour.framework; sourceTree = BUILT_PRODUCTS_DIR; };
		15BB210D15234096008CEF0B /* airBonjour-Info.plist */ = {isa = PBXFileReference; lastKnownFileType = text.plist.xml; path = "airBonjour-Info.plist"; sourceTree = "<group>"; };
		15BB210F15234096008CEF0B /* en */ = {isa = PBXFileReference; lastKnownFileType = text.plist.strings; name = en; path = en.lproj/InfoPlist.strings; sourceTree = "<group>"; };
		15BB211115234096008CEF0B /* airBonjour-Prefix.pch */ = {isa = PBXFileReference; lastKnownFileType = sourcecode.c.h; path = "airBonjour-Prefix.pch"; sourceTree = "<group>"; };
		15BB211215234096008CEF0B /* airBonjour.h */ = {isa = PBXFileReference; lastKnownFileType = sourcecode.c.h; path = airBonjour.h; sourceTree = "<group>"; };
		15BB211A15234102008CEF0B /* airBonjour.cpp */ = {isa = PBXFileReference; fileEncoding = 4; lastKnownFileType = sourcecode.cpp.cpp; path = airBonjour.cpp; sourceTree = "<group>"; };
		15BB21241523421C008CEF0B /* FlashRuntimeExtensions.h */ = {isa = PBXFileReference; fileEncoding = 4; lastKnownFileType = sourcecode.c.h; path = FlashRuntimeExtensions.h; sourceTree = "<group>"; };
		15BB21261523425D008CEF0B /* Adobe AIR.framework */ = {isa = PBXFileReference; lastKnownFileType = wrapper.framework; path = "Adobe AIR.framework"; sourceTree = "<group>"; };
		15BB213415234C4E008CEF0B /* libPocoDNSSD.a */ = {isa = PBXFileReference; lastKnownFileType = archive.ar; name = libPocoDNSSD.a; path = "../../../devlib/otpoco-112p1/lib/Darwin/i386/libPocoDNSSD.a"; sourceTree = "<group>"; };
		15BB213515234C4E008CEF0B /* libPocoDNSSDBonjour.a */ = {isa = PBXFileReference; lastKnownFileType = archive.ar; name = libPocoDNSSDBonjour.a; path = "../../../devlib/otpoco-112p1/lib/Darwin/i386/libPocoDNSSDBonjour.a"; sourceTree = "<group>"; };
		15BB213615234C4E008CEF0B /* libPocoFoundation.a */ = {isa = PBXFileReference; lastKnownFileType = archive.ar; name = libPocoFoundation.a; path = "../../../devlib/otpoco-112p1/lib/Darwin/i386/libPocoFoundation.a"; sourceTree = "<group>"; };
		15BB213715234C4E008CEF0B /* libPocoNet.a */ = {isa = PBXFileReference; lastKnownFileType = archive.ar; name = libPocoNet.a; path = "../../../devlib/otpoco-112p1/lib/Darwin/i386/libPocoNet.a"; sourceTree = "<group>"; };
		15BB213815234C4E008CEF0B /* libPocoUtil.a */ = {isa = PBXFileReference; lastKnownFileType = archive.ar; name = libPocoUtil.a; path = "../../../devlib/otpoco-112p1/lib/Darwin/i386/libPocoUtil.a"; sourceTree = "<group>"; };
		15BB213915234C4E008CEF0B /* libPocoXML.a */ = {isa = PBXFileReference; lastKnownFileType = archive.ar; name = libPocoXML.a; path = "../../../devlib/otpoco-112p1/lib/Darwin/i386/libPocoXML.a"; sourceTree = "<group>"; };
		15FD25D81524BE5B0011043F /* ResolvedHostInfo.h */ = {isa = PBXFileReference; fileEncoding = 4; lastKnownFileType = sourcecode.c.h; path = ResolvedHostInfo.h; sourceTree = "<group>"; };
/* End PBXFileReference section */

/* Begin PBXFrameworksBuildPhase section */
		15BB20FE15234096008CEF0B /* Frameworks */ = {
			isa = PBXFrameworksBuildPhase;
			buildActionMask = 2147483647;
			files = (
				15BB21271523425D008CEF0B /* Adobe AIR.framework in Frameworks */,
				15BB213A15234C4E008CEF0B /* libPocoDNSSD.a in Frameworks */,
				15BB213B15234C4E008CEF0B /* libPocoDNSSDBonjour.a in Frameworks */,
				15BB213C15234C4E008CEF0B /* libPocoFoundation.a in Frameworks */,
				15BB213D15234C4E008CEF0B /* libPocoNet.a in Frameworks */,
				15BB213E15234C4E008CEF0B /* libPocoUtil.a in Frameworks */,
				15BB213F15234C4E008CEF0B /* libPocoXML.a in Frameworks */,
			);
			runOnlyForDeploymentPostprocessing = 0;
		};
/* End PBXFrameworksBuildPhase section */

/* Begin PBXGroup section */
		15BB20F615234096008CEF0B = {
			isa = PBXGroup;
			children = (
				15BB210B15234096008CEF0B /* airBonjour */,
				15BB210415234096008CEF0B /* Frameworks */,
				15BB210315234096008CEF0B /* Products */,
			);
			sourceTree = "<group>";
		};
		15BB210315234096008CEF0B /* Products */ = {
			isa = PBXGroup;
			children = (
				15BB210215234096008CEF0B /* airBonjour.framework */,
			);
			name = Products;
			sourceTree = "<group>";
		};
		15BB210415234096008CEF0B /* Frameworks */ = {
			isa = PBXGroup;
			children = (
				15BB213415234C4E008CEF0B /* libPocoDNSSD.a */,
				15BB213515234C4E008CEF0B /* libPocoDNSSDBonjour.a */,
				15BB213615234C4E008CEF0B /* libPocoFoundation.a */,
				15BB213715234C4E008CEF0B /* libPocoNet.a */,
				15BB213815234C4E008CEF0B /* libPocoUtil.a */,
				15BB213915234C4E008CEF0B /* libPocoXML.a */,
				15BB21261523425D008CEF0B /* Adobe AIR.framework */,
			);
			name = Frameworks;
			sourceTree = "<group>";
		};
		15BB210B15234096008CEF0B /* airBonjour */ = {
			isa = PBXGroup;
			children = (
				15BB21241523421C008CEF0B /* FlashRuntimeExtensions.h */,
				15BB211215234096008CEF0B /* airBonjour.h */,
				15BB210C15234096008CEF0B /* Supporting Files */,
				15BB211A15234102008CEF0B /* airBonjour.cpp */,
				15FD25D81524BE5B0011043F /* ResolvedHostInfo.h */,
			);
			path = airBonjour;
			sourceTree = "<group>";
		};
		15BB210C15234096008CEF0B /* Supporting Files */ = {
			isa = PBXGroup;
			children = (
				15BB210D15234096008CEF0B /* airBonjour-Info.plist */,
				15BB210E15234096008CEF0B /* InfoPlist.strings */,
				15BB211115234096008CEF0B /* airBonjour-Prefix.pch */,
			);
			name = "Supporting Files";
			sourceTree = "<group>";
		};
/* End PBXGroup section */

/* Begin PBXHeadersBuildPhase section */
		15BB20FF15234096008CEF0B /* Headers */ = {
			isa = PBXHeadersBuildPhase;
			buildActionMask = 2147483647;
			files = (
				15BB21251523421C008CEF0B /* FlashRuntimeExtensions.h in Headers */,
				15FD25D91524BE5B0011043F /* ResolvedHostInfo.h in Headers */,
			);
			runOnlyForDeploymentPostprocessing = 0;
		};
/* End PBXHeadersBuildPhase section */

/* Begin PBXNativeTarget section */
		15BB210115234096008CEF0B /* airBonjour */ = {
			isa = PBXNativeTarget;
			buildConfigurationList = 15BB211715234096008CEF0B /* Build configuration list for PBXNativeTarget "airBonjour" */;
			buildPhases = (
				15BB20FD15234096008CEF0B /* Sources */,
				15BB20FE15234096008CEF0B /* Frameworks */,
				15BB20FF15234096008CEF0B /* Headers */,
				15BB210015234096008CEF0B /* Resources */,
			);
			buildRules = (
			);
			dependencies = (
			);
			name = airBonjour;
			productName = airBonjour;
			productReference = 15BB210215234096008CEF0B /* airBonjour.framework */;
			productType = "com.apple.product-type.framework";
		};
/* End PBXNativeTarget section */

/* Begin PBXProject section */
		15BB20F815234096008CEF0B /* Project object */ = {
			isa = PBXProject;
			attributes = {
				LastUpgradeCheck = 0420;
				ORGANIZATIONNAME = OpenTekhnia;
			};
			buildConfigurationList = 15BB20FB15234096008CEF0B /* Build configuration list for PBXProject "airBonjour" */;
			compatibilityVersion = "Xcode 3.2";
			developmentRegion = English;
			hasScannedForEncodings = 0;
			knownRegions = (
				en,
			);
			mainGroup = 15BB20F615234096008CEF0B;
			productRefGroup = 15BB210315234096008CEF0B /* Products */;
			projectDirPath = "";
			projectRoot = "";
			targets = (
				15BB210115234096008CEF0B /* airBonjour */,
			);
		};
/* End PBXProject section */

/* Begin PBXResourcesBuildPhase section */
		15BB210015234096008CEF0B /* Resources */ = {
			isa = PBXResourcesBuildPhase;
			buildActionMask = 2147483647;
			files = (
				15BB211015234096008CEF0B /* InfoPlist.strings in Resources */,
			);
			runOnlyForDeploymentPostprocessing = 0;
		};
/* End PBXResourcesBuildPhase section */

/* Begin PBXSourcesBuildPhase section */
		15BB20FD15234096008CEF0B /* Sources */ = {
			isa = PBXSourcesBuildPhase;
			buildActionMask = 2147483647;
			files = (
				15BB211B15234102008CEF0B /* airBonjour.cpp in Sources */,
			);
			runOnlyForDeploymentPostprocessing = 0;
		};
/* End PBXSourcesBuildPhase section */

/* Begin PBXVariantGroup section */
		15BB210E15234096008CEF0B /* InfoPlist.strings */ = {
			isa = PBXVariantGroup;
			children = (
				15BB210F15234096008CEF0B /* en */,
			);
			name = InfoPlist.strings;
			sourceTree = "<group>";
		};
/* End PBXVariantGroup section */

/* Begin XCBuildConfiguration section */
		15BB211515234096008CEF0B /* Debug */ = {
			isa = XCBuildConfiguration;
			buildSettings = {
				ALWAYS_SEARCH_USER_PATHS = NO;
				ARCHS = "$(ARCHS_STANDARD_64_BIT)";
				COPY_PHASE_STRIP = NO;
				GCC_C_LANGUAGE_STANDARD = gnu99;
				GCC_DYNAMIC_NO_PIC = NO;
				GCC_ENABLE_OBJC_EXCEPTIONS = YES;
				GCC_OPTIMIZATION_LEVEL = 0;
				GCC_PREPROCESSOR_DEFINITIONS = (
					"DEBUG=1",
					"$(inherited)",
				);
				GCC_SYMBOLS_PRIVATE_EXTERN = NO;
				GCC_VERSION = com.apple.compilers.llvm.clang.1_0;
				GCC_WARN_64_TO_32_BIT_CONVERSION = YES;
				GCC_WARN_ABOUT_MISSING_PROTOTYPES = YES;
				GCC_WARN_ABOUT_RETURN_TYPE = YES;
				GCC_WARN_UNUSED_VARIABLE = YES;
				MACOSX_DEPLOYMENT_TARGET = 10.6;
				ONLY_ACTIVE_ARCH = YES;
				SDKROOT = macosx;
			};
			name = Debug;
		};
		15BB211615234096008CEF0B /* Release */ = {
			isa = XCBuildConfiguration;
			buildSettings = {
				ALWAYS_SEARCH_USER_PATHS = NO;
				ARCHS = "$(ARCHS_STANDARD_64_BIT)";
				COPY_PHASE_STRIP = YES;
				DEBUG_INFORMATION_FORMAT = "dwarf-with-dsym";
				GCC_C_LANGUAGE_STANDARD = gnu99;
				GCC_ENABLE_OBJC_EXCEPTIONS = YES;
				GCC_VERSION = com.apple.compilers.llvm.clang.1_0;
				GCC_WARN_64_TO_32_BIT_CONVERSION = YES;
				GCC_WARN_ABOUT_MISSING_PROTOTYPES = YES;
				GCC_WARN_ABOUT_RETURN_TYPE = YES;
				GCC_WARN_UNUSED_VARIABLE = YES;
				MACOSX_DEPLOYMENT_TARGET = 10.6;
				SDKROOT = macosx;
			};
			name = Release;
		};
		15BB211815234096008CEF0B /* Debug */ = {
			isa = XCBuildConfiguration;
			buildSettings = {
				ARCHS = "$(ARCHS_STANDARD_32_BIT)";
				CURRENT_PROJECT_VERSION = 1.0.0;
				DYLIB_COMPATIBILITY_VERSION = 1;
				DYLIB_CURRENT_VERSION = 1;
				FRAMEWORK_SEARCH_PATHS = (
					"$(inherited)",
					"\"$(SRCROOT)\"",
				);
				FRAMEWORK_VERSION = A;
				GCC_PRECOMPILE_PREFIX_HEADER = YES;
				GCC_PREFIX_HEADER = "airBonjour/airBonjour-Prefix.pch";
				GCC_VERSION = com.apple.compilers.llvmgcc42;
				HEADER_SEARCH_PATHS = (
					"/Users/vandrito/Documents/devlib/otpoco-112p1/Foundation/include",
					"/Users/vandrito/Documents/devlib/otpoco-112p1/Net/include",
					"/Users/vandrito/Documents/devlib/otpoco-112p1/Util/include",
					"/Users/vandrito/Documents/devlib/otpoco-112p1/DNSSD/include",
					"/Users/vandrito/Documents/devlib/otpoco-112p1/XML/include",
					"/Users/vandrito/Documents/devlib/otpoco-112p1/DNSSD/Bonjour/include",
				);
				INFOPLIST_FILE = "airBonjour/airBonjour-Info.plist";
				LIBRARY_SEARCH_PATHS = (
					"$(inherited)",
					"\"$(SRCROOT)/../../../devlib/otpoco-112p1/lib/Darwin/i386\"",
				);
				OTHER_LDFLAGS = "";
				PRODUCT_NAME = "$(TARGET_NAME)";
				WRAPPER_EXTENSION = framework;
			};
			name = Debug;
		};
		15BB211915234096008CEF0B /* Release */ = {
			isa = XCBuildConfiguration;
			buildSettings = {
				ARCHS = "$(ARCHS_STANDARD_32_BIT)";
				CURRENT_PROJECT_VERSION = 1.0.0;
				DYLIB_COMPATIBILITY_VERSION = 1;
				DYLIB_CURRENT_VERSION = 1;
				FRAMEWORK_SEARCH_PATHS = (
					"$(inherited)",
					"\"$(SRCROOT)\"",
				);
				FRAMEWORK_VERSION = A;
				GCC_PRECOMPILE_PREFIX_HEADER = YES;
				GCC_PREFIX_HEADER = "airBonjour/airBonjour-Prefix.pch";
				GCC_VERSION = com.apple.compilers.llvmgcc42;
				HEADER_SEARCH_PATHS = (
					"/Users/vandrito/Documents/devlib/otpoco-112p1/Foundation/include",
					"/Users/vandrito/Documents/devlib/otpoco-112p1/Net/include",
					"/Users/vandrito/Documents/devlib/otpoco-112p1/Util/include",
					"/Users/vandrito/Documents/devlib/otpoco-112p1/DNSSD/include",
					"/Users/vandrito/Documents/devlib/otpoco-112p1/XML/include",
					"/Users/vandrito/Documents/devlib/otpoco-112p1/DNSSD/Bonjour/include",
				);
				INFOPLIST_FILE = "airBonjour/airBonjour-Info.plist";
				LIBRARY_SEARCH_PATHS = (
					"$(inherited)",
					"\"$(SRCROOT)/../../../devlib/otpoco-112p1/lib/Darwin/i386\"",
				);
				OTHER_LDFLAGS = "";
				PRODUCT_NAME = "$(TARGET_NAME)";
				WRAPPER_EXTENSION = framework;
			};
			name = Release;
		};
/* End XCBuildConfiguration section */

/* Begin XCConfigurationList section */
		15BB20FB15234096008CEF0B /* Build configuration list for PBXProject "airBonjour" */ = {
			isa = XCConfigurationList;
			buildConfigurations = (
				15BB211515234096008CEF0B /* Debug */,
				15BB211615234096008CEF0B /* Release */,
			);
			defaultConfigurationIsVisible = 0;
			defaultConfigurationName = Release;
		};
		15BB211715234096008CEF0B /* Build configuration list for PBXNativeTarget "airBonjour" */ = {
			isa = XCConfigurationList;
			buildConfigurations = (
				15BB211815234096008CEF0B /* Debug */,
				15BB211915234096008CEF0B /* Release */,
			);
			defaultConfigurationIsVisible = 0;
			defaultConfigurationName = Release;
		};
/* End XCConfigurationList section */
	};
	rootObject = 15BB20F815234096008CEF0B /* Project object */;
}
